
Microsoft Visual Studio Solution File, Format Version 12.00
# Visual Studio Version 17
VisualStudioVersion = 17.5.002.0
MinimumVisualStudioVersion = 10.0.40219.1
Project("{9A19103F-16F7-4668-BE54-9A1E7A4F7556}") = "formateoDatosEjercicio1", "formateoDatosEjercicio1.csproj", "{43F791C1-DD08-45E1-B7DF-C7A3EE41BFD3}"
EndProject
Global
	GlobalSection(SolutionConfigurationPlatforms) = preSolution
		Debug|Any CPU = Debug|Any CPU
		Release|Any CPU = Release|Any CPU
	EndGlobalSection
	GlobalSection(ProjectConfigurationPlatforms) = postSolution
		{43F791C1-DD08-45E1-B7DF-C7A3EE41BFD3}.Debug|Any CPU.ActiveCfg = Debug|Any CPU
		{43F791C1-DD08-45E1-B7DF-C7A3EE41BFD3}.Debug|Any CPU.Build.0 = Debug|Any CPU
		{43F791C1-DD08-45E1-B7DF-C7A3EE41BFD3}.Release|Any CPU.ActiveCfg = Release|Any CPU
		{43F791C1-DD08-45E1-B7DF-C7A3EE41BFD3}.Release|Any CPU.Build.0 = Release|Any CPU
	EndGlobalSection
	GlobalSection(SolutionProperties) = preSolution
		HideSolutionNode = FALSE
	EndGlobalSection
	GlobalSection(ExtensibilityGlobals) = postSolution
		SolutionGuid = {14434113-D8CF-4406-92B8-CC8D23EB2517}
	EndGlobalSection
EndGlobal
