
Microsoft Visual Studio Solution File, Format Version 12.00
# Visual Studio Version 17
VisualStudioVersion = 17.8.34525.116
MinimumVisualStudioVersion = 10.0.40219.1
Project("{FAE04EC0-301F-11D3-BF4B-00C04F79EFBC}") = "calcularFacturaParamRetornoValores", "calcularFacturaParamRetornoValores.csproj", "{520805F5-4D1C-45AA-A575-6027068A2954}"
EndProject
Global
	GlobalSection(SolutionConfigurationPlatforms) = preSolution
		Debug|Any CPU = Debug|Any CPU
		Release|Any CPU = Release|Any CPU
	EndGlobalSection
	GlobalSection(ProjectConfigurationPlatforms) = postSolution
		{520805F5-4D1C-45AA-A575-6027068A2954}.Debug|Any CPU.ActiveCfg = Debug|Any CPU
		{520805F5-4D1C-45AA-A575-6027068A2954}.Debug|Any CPU.Build.0 = Debug|Any CPU
		{520805F5-4D1C-45AA-A575-6027068A2954}.Release|Any CPU.ActiveCfg = Release|Any CPU
		{520805F5-4D1C-45AA-A575-6027068A2954}.Release|Any CPU.Build.0 = Release|Any CPU
	EndGlobalSection
	GlobalSection(SolutionProperties) = preSolution
		HideSolutionNode = FALSE
	EndGlobalSection
	GlobalSection(ExtensibilityGlobals) = postSolution
		SolutionGuid = {3E7165D4-2E43-450D-86C8-FB55117E639D}
	EndGlobalSection
EndGlobal
