
Microsoft Visual Studio Solution File, Format Version 12.00
# Visual Studio Version 17
VisualStudioVersion = 17.9.34616.47
MinimumVisualStudioVersion = 10.0.40219.1
Project("{FAE04EC0-301F-11D3-BF4B-00C04F79EFBC}") = "Api2", "Api2.csproj", "{63104D54-7081-4C2A-AAAD-A2CBD029F908}"
EndProject
Global
	GlobalSection(SolutionConfigurationPlatforms) = preSolution
		Debug|Any CPU = Debug|Any CPU
		Release|Any CPU = Release|Any CPU
	EndGlobalSection
	GlobalSection(ProjectConfigurationPlatforms) = postSolution
		{63104D54-7081-4C2A-AAAD-A2CBD029F908}.Debug|Any CPU.ActiveCfg = Debug|Any CPU
		{63104D54-7081-4C2A-AAAD-A2CBD029F908}.Debug|Any CPU.Build.0 = Debug|Any CPU
		{63104D54-7081-4C2A-AAAD-A2CBD029F908}.Release|Any CPU.ActiveCfg = Release|Any CPU
		{63104D54-7081-4C2A-AAAD-A2CBD029F908}.Release|Any CPU.Build.0 = Release|Any CPU
	EndGlobalSection
	GlobalSection(SolutionProperties) = preSolution
		HideSolutionNode = FALSE
	EndGlobalSection
	GlobalSection(ExtensibilityGlobals) = postSolution
		SolutionGuid = {4166A0F1-00F7-4262-A739-BD851263BD7B}
	EndGlobalSection
EndGlobal
