
Microsoft Visual Studio Solution File, Format Version 12.00
# Visual Studio Version 17
VisualStudioVersion = 17.9.34616.47
MinimumVisualStudioVersion = 10.0.40219.1
Project("{FAE04EC0-301F-11D3-BF4B-00C04F79EFBC}") = "miPrimerCrud", "miPrimerCrud.csproj", "{0F22DA14-2663-4790-94DD-AE3FBCD752AC}"
EndProject
Global
	GlobalSection(SolutionConfigurationPlatforms) = preSolution
		Debug|Any CPU = Debug|Any CPU
		Release|Any CPU = Release|Any CPU
	EndGlobalSection
	GlobalSection(ProjectConfigurationPlatforms) = postSolution
		{0F22DA14-2663-4790-94DD-AE3FBCD752AC}.Debug|Any CPU.ActiveCfg = Debug|Any CPU
		{0F22DA14-2663-4790-94DD-AE3FBCD752AC}.Debug|Any CPU.Build.0 = Debug|Any CPU
		{0F22DA14-2663-4790-94DD-AE3FBCD752AC}.Release|Any CPU.ActiveCfg = Release|Any CPU
		{0F22DA14-2663-4790-94DD-AE3FBCD752AC}.Release|Any CPU.Build.0 = Release|Any CPU
	EndGlobalSection
	GlobalSection(SolutionProperties) = preSolution
		HideSolutionNode = FALSE
	EndGlobalSection
	GlobalSection(ExtensibilityGlobals) = postSolution
		SolutionGuid = {EB1538D9-8AC6-484F-A762-F830212B493E}
	EndGlobalSection
EndGlobal
