
Microsoft Visual Studio Solution File, Format Version 12.00
# Visual Studio Version 17
VisualStudioVersion = 17.5.002.0
MinimumVisualStudioVersion = 10.0.40219.1
Project("{9A19103F-16F7-4668-BE54-9A1E7A4F7556}") = "FormateoDeDatos", "FormateoDeDatos.csproj", "{BE62DFF1-C4A8-4B3D-9CB5-7AFA81CAE9F9}"
EndProject
Global
	GlobalSection(SolutionConfigurationPlatforms) = preSolution
		Debug|Any CPU = Debug|Any CPU
		Release|Any CPU = Release|Any CPU
	EndGlobalSection
	GlobalSection(ProjectConfigurationPlatforms) = postSolution
		{BE62DFF1-C4A8-4B3D-9CB5-7AFA81CAE9F9}.Debug|Any CPU.ActiveCfg = Debug|Any CPU
		{BE62DFF1-C4A8-4B3D-9CB5-7AFA81CAE9F9}.Debug|Any CPU.Build.0 = Debug|Any CPU
		{BE62DFF1-C4A8-4B3D-9CB5-7AFA81CAE9F9}.Release|Any CPU.ActiveCfg = Release|Any CPU
		{BE62DFF1-C4A8-4B3D-9CB5-7AFA81CAE9F9}.Release|Any CPU.Build.0 = Release|Any CPU
	EndGlobalSection
	GlobalSection(SolutionProperties) = preSolution
		HideSolutionNode = FALSE
	EndGlobalSection
	GlobalSection(ExtensibilityGlobals) = postSolution
		SolutionGuid = {F67BB799-B5D0-40AF-8E09-75462385FC24}
	EndGlobalSection
EndGlobal
